{
  "version": 4,
  "terraform_version": "0.15.4",
  "serial": 109,
  "lineage": "467b8c34-ba9b-02a0-a8d3-44416d47f220",
  "outputs": {
    "outFqdn": {
      "value": "data-query.westeurope.cloudapp.azure.com",
      "type": "string"
    },
    "outPassword": {
      "value": "P@ssw0rdAzure",
      "type": "string"
    },
    "outPublicIp": {
      "value": "40.68.193.98",
      "type": "string"
    },
    "outUser": {
      "value": "userazure",
      "type": "string"
    }
  },
  "resources": [
    {
      "mode": "managed",
      "type": "azurerm_linux_virtual_machine",
      "name": "labVmLinux",
      "provider": "provider[\"registry.terraform.io/hashicorp/azurerm\"]",
      "instances": [
        {
          "schema_version": 0,
          "attributes": {
            "additional_capabilities": [],
            "admin_password": "P@ssw0rdAzure",
            "admin_ssh_key": [],
            "admin_username": "userazure",
            "allow_extension_operations": true,
            "availability_set_id": "",
            "boot_diagnostics": [
              {
                "storage_account_uri": "https://diag851368129ddf691d.blob.core.windows.net/"
              }
            ],
            "computer_name": "LAB-Linux-Atividade-2",
            "custom_data": null,
            "dedicated_host_id": "",
            "disable_password_authentication": false,
            "encryption_at_host_enabled": false,
            "eviction_policy": "",
            "extensions_time_budget": "PT1H30M",
            "id": "/subscriptions/0da171ba-5797-4b1e-b701-5dc77f9a7988/resourceGroups/labRgroup/providers/Microsoft.Compute/virtualMachines/labVmLinux",
            "identity": [],
            "location": "westeurope",
            "max_bid_price": -1,
            "name": "labVmLinux",
            "network_interface_ids": [
              "/subscriptions/0da171ba-5797-4b1e-b701-5dc77f9a7988/resourceGroups/labRgroup/providers/Microsoft.Network/networkInterfaces/labNic"
            ],
            "os_disk": [
              {
                "caching": "ReadWrite",
                "diff_disk_settings": [],
                "disk_encryption_set_id": "",
                "disk_size_gb": 30,
                "name": "labOSDisk",
                "storage_account_type": "Standard_LRS",
                "write_accelerator_enabled": false
              }
            ],
            "plan": [],
            "priority": "Regular",
            "private_ip_address": "172.16.20.4",
            "private_ip_addresses": [
              "172.16.20.4"
            ],
            "provision_vm_agent": true,
            "proximity_placement_group_id": "",
            "public_ip_address": "40.68.193.98",
            "public_ip_addresses": [
              "40.68.193.98"
            ],
            "resource_group_name": "labRgroup",
            "secret": [],
            "size": "Standard_DS1_v2",
            "source_image_id": "",
            "source_image_reference": [
              {
                "offer": "UbuntuServer",
                "publisher": "Canonical",
                "sku": "18.04-LTS",
                "version": "latest"
              }
            ],
            "tags": null,
            "timeouts": null,
            "virtual_machine_id": "b255caba-5387-42ee-b5f2-88abaf9135e3",
            "virtual_machine_scale_set_id": "",
            "zone": ""
          },
          "sensitive_attributes": [],
          "private": "eyJlMmJmYjczMC1lY2FhLTExZTYtOGY4OC0zNDM2M2JjN2M0YzAiOnsiY3JlYXRlIjoyNzAwMDAwMDAwMDAwLCJkZWxldGUiOjI3MDAwMDAwMDAwMDAsInJlYWQiOjMwMDAwMDAwMDAwMCwidXBkYXRlIjoyNzAwMDAwMDAwMDAwfX0=",
          "dependencies": [
            "azurerm_network_interface.labNic",
            "azurerm_public_ip.labPublicIp",
            "azurerm_resource_group.Rgroup",
            "azurerm_storage_account.labStorage",
            "azurerm_subnet.labSubnet",
            "azurerm_virtual_network.labVnet",
            "random_id.idRandom"
          ]
        }
      ]
    },
    {
      "mode": "managed",
      "type": "azurerm_network_interface",
      "name": "labNic",
      "provider": "provider[\"registry.terraform.io/hashicorp/azurerm\"]",
      "instances": [
        {
          "schema_version": 0,
          "attributes": {
            "applied_dns_servers": [],
            "dns_servers": [],
            "enable_accelerated_networking": false,
            "enable_ip_forwarding": false,
            "id": "/subscriptions/0da171ba-5797-4b1e-b701-5dc77f9a7988/resourceGroups/labRgroup/providers/Microsoft.Network/networkInterfaces/labNic",
            "internal_dns_name_label": "",
            "internal_domain_name_suffix": "zz4vacbicciujjaoemcsqxgn2f.ax.internal.cloudapp.net",
            "ip_configuration": [
              {
                "name": "labNicConfiguration",
                "primary": true,
                "private_ip_address": "172.16.20.4",
                "private_ip_address_allocation": "Dynamic",
                "private_ip_address_version": "IPv4",
                "public_ip_address_id": "/subscriptions/0da171ba-5797-4b1e-b701-5dc77f9a7988/resourceGroups/labRgroup/providers/Microsoft.Network/publicIPAddresses/labPublicIp",
                "subnet_id": "/subscriptions/0da171ba-5797-4b1e-b701-5dc77f9a7988/resourceGroups/labRgroup/providers/Microsoft.Network/virtualNetworks/labVnet/subnets/labSubnet"
              }
            ],
            "location": "westeurope",
            "mac_address": "",
            "name": "labNic",
            "private_ip_address": "172.16.20.4",
            "private_ip_addresses": [
              "172.16.20.4"
            ],
            "resource_group_name": "labRgroup",
            "tags": null,
            "timeouts": null,
            "virtual_machine_id": ""
          },
          "sensitive_attributes": [],
          "private": "eyJlMmJmYjczMC1lY2FhLTExZTYtOGY4OC0zNDM2M2JjN2M0YzAiOnsiY3JlYXRlIjoxODAwMDAwMDAwMDAwLCJkZWxldGUiOjE4MDAwMDAwMDAwMDAsInJlYWQiOjMwMDAwMDAwMDAwMCwidXBkYXRlIjoxODAwMDAwMDAwMDAwfX0=",
          "dependencies": [
            "azurerm_public_ip.labPublicIp",
            "azurerm_resource_group.Rgroup",
            "azurerm_subnet.labSubnet",
            "azurerm_virtual_network.labVnet"
          ]
        }
      ]
    },
    {
      "mode": "managed",
      "type": "azurerm_network_interface_security_group_association",
      "name": "labNicNetSecGrp",
      "provider": "provider[\"registry.terraform.io/hashicorp/azurerm\"]",
      "instances": [
        {
          "schema_version": 0,
          "attributes": {
            "id": "/subscriptions/0da171ba-5797-4b1e-b701-5dc77f9a7988/resourceGroups/labRgroup/providers/Microsoft.Network/networkInterfaces/labNic|/subscriptions/0da171ba-5797-4b1e-b701-5dc77f9a7988/resourceGroups/labRgroup/providers/Microsoft.Network/networkSecurityGroups/labNetSec",
            "network_interface_id": "/subscriptions/0da171ba-5797-4b1e-b701-5dc77f9a7988/resourceGroups/labRgroup/providers/Microsoft.Network/networkInterfaces/labNic",
            "network_security_group_id": "/subscriptions/0da171ba-5797-4b1e-b701-5dc77f9a7988/resourceGroups/labRgroup/providers/Microsoft.Network/networkSecurityGroups/labNetSec",
            "timeouts": null
          },
          "sensitive_attributes": [],
          "private": "eyJlMmJmYjczMC1lY2FhLTExZTYtOGY4OC0zNDM2M2JjN2M0YzAiOnsiY3JlYXRlIjoxODAwMDAwMDAwMDAwLCJkZWxldGUiOjE4MDAwMDAwMDAwMDAsInJlYWQiOjMwMDAwMDAwMDAwMCwidXBkYXRlIjoxODAwMDAwMDAwMDAwfX0=",
          "dependencies": [
            "azurerm_network_interface.labNic",
            "azurerm_network_security_group.labNetSec",
            "azurerm_public_ip.labPublicIp",
            "azurerm_resource_group.Rgroup",
            "azurerm_subnet.labSubnet",
            "azurerm_virtual_network.labVnet"
          ]
        }
      ]
    },
    {
      "mode": "managed",
      "type": "azurerm_network_security_group",
      "name": "labNetSec",
      "provider": "provider[\"registry.terraform.io/hashicorp/azurerm\"]",
      "instances": [
        {
          "schema_version": 0,
          "attributes": {
            "id": "/subscriptions/0da171ba-5797-4b1e-b701-5dc77f9a7988/resourceGroups/labRgroup/providers/Microsoft.Network/networkSecurityGroups/labNetSec",
            "location": "westeurope",
            "name": "labNetSec",
            "resource_group_name": "labRgroup",
            "security_rule": [
              {
                "access": "Allow",
                "description": "",
                "destination_address_prefix": "*",
                "destination_address_prefixes": [],
                "destination_application_security_group_ids": [],
                "destination_port_range": "22",
                "destination_port_ranges": [],
                "direction": "Inbound",
                "name": "SSH",
                "priority": 100,
                "protocol": "Tcp",
                "source_address_prefix": "*",
                "source_address_prefixes": [],
                "source_application_security_group_ids": [],
                "source_port_range": "*",
                "source_port_ranges": []
              },
              {
                "access": "Allow",
                "description": "",
                "destination_address_prefix": "*",
                "destination_address_prefixes": [],
                "destination_application_security_group_ids": [],
                "destination_port_range": "3306",
                "destination_port_ranges": [],
                "direction": "Inbound",
                "name": "MySQL-Data",
                "priority": 1001,
                "protocol": "Tcp",
                "source_address_prefix": "*",
                "source_address_prefixes": [],
                "source_application_security_group_ids": [],
                "source_port_range": "*",
                "source_port_ranges": []
              }
            ],
            "tags": null,
            "timeouts": null
          },
          "sensitive_attributes": [],
          "private": "eyJlMmJmYjczMC1lY2FhLTExZTYtOGY4OC0zNDM2M2JjN2M0YzAiOnsiY3JlYXRlIjoxODAwMDAwMDAwMDAwLCJkZWxldGUiOjE4MDAwMDAwMDAwMDAsInJlYWQiOjMwMDAwMDAwMDAwMCwidXBkYXRlIjoxODAwMDAwMDAwMDAwfX0=",
          "dependencies": [
            "azurerm_resource_group.Rgroup"
          ]
        }
      ]
    },
    {
      "mode": "managed",
      "type": "azurerm_public_ip",
      "name": "labPublicIp",
      "provider": "provider[\"registry.terraform.io/hashicorp/azurerm\"]",
      "instances": [
        {
          "schema_version": 0,
          "attributes": {
            "allocation_method": "Static",
            "domain_name_label": "data-query",
            "fqdn": "data-query.westeurope.cloudapp.azure.com",
            "id": "/subscriptions/0da171ba-5797-4b1e-b701-5dc77f9a7988/resourceGroups/labRgroup/providers/Microsoft.Network/publicIPAddresses/labPublicIp",
            "idle_timeout_in_minutes": 4,
            "ip_address": "40.68.193.98",
            "ip_version": "IPv4",
            "location": "westeurope",
            "name": "labPublicIp",
            "public_ip_prefix_id": null,
            "resource_group_name": "labRgroup",
            "reverse_fqdn": "",
            "sku": "Basic",
            "tags": null,
            "timeouts": null,
            "zones": null
          },
          "sensitive_attributes": [],
          "private": "eyJlMmJmYjczMC1lY2FhLTExZTYtOGY4OC0zNDM2M2JjN2M0YzAiOnsiY3JlYXRlIjoxODAwMDAwMDAwMDAwLCJkZWxldGUiOjE4MDAwMDAwMDAwMDAsInJlYWQiOjMwMDAwMDAwMDAwMCwidXBkYXRlIjoxODAwMDAwMDAwMDAwfX0=",
          "dependencies": [
            "azurerm_resource_group.Rgroup"
          ]
        }
      ]
    },
    {
      "mode": "managed",
      "type": "azurerm_resource_group",
      "name": "Rgroup",
      "provider": "provider[\"registry.terraform.io/hashicorp/azurerm\"]",
      "instances": [
        {
          "schema_version": 0,
          "attributes": {
            "id": "/subscriptions/0da171ba-5797-4b1e-b701-5dc77f9a7988/resourceGroups/labRgroup",
            "location": "westeurope",
            "name": "labRgroup",
            "tags": null,
            "timeouts": null
          },
          "sensitive_attributes": [],
          "private": "eyJlMmJmYjczMC1lY2FhLTExZTYtOGY4OC0zNDM2M2JjN2M0YzAiOnsiY3JlYXRlIjo1NDAwMDAwMDAwMDAwLCJkZWxldGUiOjU0MDAwMDAwMDAwMDAsInJlYWQiOjMwMDAwMDAwMDAwMCwidXBkYXRlIjo1NDAwMDAwMDAwMDAwfX0="
        }
      ]
    },
    {
      "mode": "managed",
      "type": "azurerm_storage_account",
      "name": "labStorage",
      "provider": "provider[\"registry.terraform.io/hashicorp/azurerm\"]",
      "instances": [
        {
          "schema_version": 2,
          "attributes": {
            "access_tier": "Hot",
            "account_kind": "StorageV2",
            "account_replication_type": "LRS",
            "account_tier": "Standard",
            "allow_blob_public_access": false,
            "blob_properties": [],
            "custom_domain": [],
            "enable_https_traffic_only": true,
            "id": "/subscriptions/0da171ba-5797-4b1e-b701-5dc77f9a7988/resourceGroups/labRgroup/providers/Microsoft.Storage/storageAccounts/diag851368129ddf691d",
            "identity": [],
            "is_hns_enabled": false,
            "large_file_share_enabled": null,
            "location": "westeurope",
            "min_tls_version": "TLS1_0",
            "name": "diag851368129ddf691d",
            "network_rules": [
              {
                "bypass": [
                  "AzureServices"
                ],
                "default_action": "Allow",
                "ip_rules": [],
                "virtual_network_subnet_ids": []
              }
            ],
            "primary_access_key": "TWUarUiLvR7q+l3Nd1Kay9lpH5BBPhTLtSZFapyy0rAa5KzU/t9E5Ld9ecm/WIbWN96P9pV9souqrNwyQl9LhA==",
            "primary_blob_connection_string": "DefaultEndpointsProtocol=https;BlobEndpoint=https://diag851368129ddf691d.blob.core.windows.net/;AccountName=diag851368129ddf691d;AccountKey=TWUarUiLvR7q+l3Nd1Kay9lpH5BBPhTLtSZFapyy0rAa5KzU/t9E5Ld9ecm/WIbWN96P9pV9souqrNwyQl9LhA==",
            "primary_blob_endpoint": "https://diag851368129ddf691d.blob.core.windows.net/",
            "primary_blob_host": "diag851368129ddf691d.blob.core.windows.net",
            "primary_connection_string": "DefaultEndpointsProtocol=https;AccountName=diag851368129ddf691d;AccountKey=TWUarUiLvR7q+l3Nd1Kay9lpH5BBPhTLtSZFapyy0rAa5KzU/t9E5Ld9ecm/WIbWN96P9pV9souqrNwyQl9LhA==;EndpointSuffix=core.windows.net",
            "primary_dfs_endpoint": "https://diag851368129ddf691d.dfs.core.windows.net/",
            "primary_dfs_host": "diag851368129ddf691d.dfs.core.windows.net",
            "primary_file_endpoint": "https://diag851368129ddf691d.file.core.windows.net/",
            "primary_file_host": "diag851368129ddf691d.file.core.windows.net",
            "primary_location": "westeurope",
            "primary_queue_endpoint": "https://diag851368129ddf691d.queue.core.windows.net/",
            "primary_queue_host": "diag851368129ddf691d.queue.core.windows.net",
            "primary_table_endpoint": "https://diag851368129ddf691d.table.core.windows.net/",
            "primary_table_host": "diag851368129ddf691d.table.core.windows.net",
            "primary_web_endpoint": "https://diag851368129ddf691d.z6.web.core.windows.net/",
            "primary_web_host": "diag851368129ddf691d.z6.web.core.windows.net",
            "queue_properties": [
              {
                "cors_rule": [],
                "hour_metrics": [
                  {
                    "enabled": true,
                    "include_apis": true,
                    "retention_policy_days": 7,
                    "version": "1.0"
                  }
                ],
                "logging": [
                  {
                    "delete": false,
                    "read": false,
                    "retention_policy_days": 0,
                    "version": "1.0",
                    "write": false
                  }
                ],
                "minute_metrics": [
                  {
                    "enabled": false,
                    "include_apis": false,
                    "retention_policy_days": 0,
                    "version": "1.0"
                  }
                ]
              }
            ],
            "resource_group_name": "labRgroup",
            "secondary_access_key": "JOjqMn0gfxliK//tHO3Sm8X+UUsbsVYPOHSW4tNpi0dARctvLSm7VgEMEnoNYuW8N4Mv2y111m08jP8MV0zW2Q==",
            "secondary_blob_connection_string": "",
            "secondary_blob_endpoint": null,
            "secondary_blob_host": null,
            "secondary_connection_string": "DefaultEndpointsProtocol=https;AccountName=diag851368129ddf691d;AccountKey=JOjqMn0gfxliK//tHO3Sm8X+UUsbsVYPOHSW4tNpi0dARctvLSm7VgEMEnoNYuW8N4Mv2y111m08jP8MV0zW2Q==;EndpointSuffix=core.windows.net",
            "secondary_dfs_endpoint": null,
            "secondary_dfs_host": null,
            "secondary_file_endpoint": null,
            "secondary_file_host": null,
            "secondary_location": "",
            "secondary_queue_endpoint": null,
            "secondary_queue_host": null,
            "secondary_table_endpoint": null,
            "secondary_table_host": null,
            "secondary_web_endpoint": null,
            "secondary_web_host": null,
            "static_website": [],
            "tags": null,
            "timeouts": null
          },
          "sensitive_attributes": [],
          "private": "eyJlMmJmYjczMC1lY2FhLTExZTYtOGY4OC0zNDM2M2JjN2M0YzAiOnsiY3JlYXRlIjozNjAwMDAwMDAwMDAwLCJkZWxldGUiOjM2MDAwMDAwMDAwMDAsInJlYWQiOjMwMDAwMDAwMDAwMCwidXBkYXRlIjozNjAwMDAwMDAwMDAwfSwic2NoZW1hX3ZlcnNpb24iOiIyIn0=",
          "dependencies": [
            "azurerm_resource_group.Rgroup",
            "random_id.idRandom"
          ]
        }
      ]
    },
    {
      "mode": "managed",
      "type": "azurerm_subnet",
      "name": "labSubnet",
      "provider": "provider[\"registry.terraform.io/hashicorp/azurerm\"]",
      "instances": [
        {
          "schema_version": 0,
          "attributes": {
            "address_prefix": "172.16.20.0/24",
            "address_prefixes": [
              "172.16.20.0/24"
            ],
            "delegation": [],
            "enforce_private_link_endpoint_network_policies": false,
            "enforce_private_link_service_network_policies": false,
            "id": "/subscriptions/0da171ba-5797-4b1e-b701-5dc77f9a7988/resourceGroups/labRgroup/providers/Microsoft.Network/virtualNetworks/labVnet/subnets/labSubnet",
            "name": "labSubnet",
            "resource_group_name": "labRgroup",
            "service_endpoint_policy_ids": null,
            "service_endpoints": null,
            "timeouts": null,
            "virtual_network_name": "labVnet"
          },
          "sensitive_attributes": [],
          "private": "eyJlMmJmYjczMC1lY2FhLTExZTYtOGY4OC0zNDM2M2JjN2M0YzAiOnsiY3JlYXRlIjoxODAwMDAwMDAwMDAwLCJkZWxldGUiOjE4MDAwMDAwMDAwMDAsInJlYWQiOjMwMDAwMDAwMDAwMCwidXBkYXRlIjoxODAwMDAwMDAwMDAwfX0=",
          "dependencies": [
            "azurerm_resource_group.Rgroup",
            "azurerm_virtual_network.labVnet"
          ]
        }
      ]
    },
    {
      "mode": "managed",
      "type": "azurerm_virtual_network",
      "name": "labVnet",
      "provider": "provider[\"registry.terraform.io/hashicorp/azurerm\"]",
      "instances": [
        {
          "schema_version": 0,
          "attributes": {
            "address_space": [
              "172.16.0.0/16"
            ],
            "bgp_community": "",
            "ddos_protection_plan": [],
            "dns_servers": null,
            "guid": "08507dce-1028-4491-a40e-2305285ccde5",
            "id": "/subscriptions/0da171ba-5797-4b1e-b701-5dc77f9a7988/resourceGroups/labRgroup/providers/Microsoft.Network/virtualNetworks/labVnet",
            "location": "westeurope",
            "name": "labVnet",
            "resource_group_name": "labRgroup",
            "subnet": [],
            "tags": null,
            "timeouts": null,
            "vm_protection_enabled": false
          },
          "sensitive_attributes": [],
          "private": "eyJlMmJmYjczMC1lY2FhLTExZTYtOGY4OC0zNDM2M2JjN2M0YzAiOnsiY3JlYXRlIjoxODAwMDAwMDAwMDAwLCJkZWxldGUiOjE4MDAwMDAwMDAwMDAsInJlYWQiOjMwMDAwMDAwMDAwMCwidXBkYXRlIjoxODAwMDAwMDAwMDAwfX0=",
          "dependencies": [
            "azurerm_resource_group.Rgroup"
          ]
        }
      ]
    },
    {
      "mode": "managed",
      "type": "null_resource",
      "name": "install-dbServer",
      "provider": "provider[\"registry.terraform.io/hashicorp/null\"]",
      "instances": [
        {
          "schema_version": 0,
          "attributes": {
            "id": "2841802724172084033",
            "triggers": {
              "order": "5012117893017255124"
            }
          },
          "sensitive_attributes": [],
          "private": "bnVsbA==",
          "dependencies": [
            "azurerm_linux_virtual_machine.labVmLinux",
            "azurerm_network_interface.labNic",
            "azurerm_public_ip.labPublicIp",
            "azurerm_resource_group.Rgroup",
            "azurerm_storage_account.labStorage",
            "azurerm_subnet.labSubnet",
            "azurerm_virtual_network.labVnet",
            "null_resource.uploadFiles",
            "random_id.idRandom",
            "time_sleep.waitForVm"
          ]
        }
      ]
    },
    {
      "mode": "managed",
      "type": "null_resource",
      "name": "uploadFiles",
      "provider": "provider[\"registry.terraform.io/hashicorp/null\"]",
      "instances": [
        {
          "schema_version": 0,
          "attributes": {
            "id": "5012117893017255124",
            "triggers": null
          },
          "sensitive_attributes": [],
          "private": "bnVsbA==",
          "dependencies": [
            "azurerm_linux_virtual_machine.labVmLinux",
            "azurerm_network_interface.labNic",
            "azurerm_public_ip.labPublicIp",
            "azurerm_resource_group.Rgroup",
            "azurerm_storage_account.labStorage",
            "azurerm_subnet.labSubnet",
            "azurerm_virtual_network.labVnet",
            "random_id.idRandom",
            "time_sleep.waitForVm"
          ]
        }
      ]
    },
    {
      "mode": "managed",
      "type": "random_id",
      "name": "idRandom",
      "provider": "provider[\"registry.terraform.io/hashicorp/random\"]",
      "instances": [
        {
          "schema_version": 0,
          "attributes": {
            "b64_std": "hRNoEp3faR0=",
            "b64_url": "hRNoEp3faR0",
            "byte_length": 8,
            "dec": "9589122460769282333",
            "hex": "851368129ddf691d",
            "id": "hRNoEp3faR0",
            "keepers": {
              "resource_group": "labRgroup"
            },
            "prefix": null
          },
          "sensitive_attributes": [],
          "private": "bnVsbA==",
          "dependencies": [
            "azurerm_resource_group.Rgroup"
          ]
        }
      ]
    },
    {
      "mode": "managed",
      "type": "time_sleep",
      "name": "waitForVm",
      "provider": "provider[\"registry.terraform.io/hashicorp/time\"]",
      "instances": [
        {
          "schema_version": 0,
          "attributes": {
            "create_duration": "90s",
            "destroy_duration": null,
            "id": "2021-05-26T03:01:09Z",
            "triggers": null
          },
          "sensitive_attributes": [],
          "private": "bnVsbA==",
          "dependencies": [
            "azurerm_linux_virtual_machine.labVmLinux",
            "azurerm_network_interface.labNic",
            "azurerm_public_ip.labPublicIp",
            "azurerm_resource_group.Rgroup",
            "azurerm_storage_account.labStorage",
            "azurerm_subnet.labSubnet",
            "azurerm_virtual_network.labVnet",
            "random_id.idRandom"
          ]
        }
      ]
    }
  ]
}
